
Microsoft Visual Studio Solution File, Format Version 12.00
# Visual Studio Version 16
VisualStudioVersion = 16.0.30503.244
MinimumVisualStudioVersion = 10.0.40219.1
Project("{FAE04EC0-301F-11D3-BF4B-00C04F79EFBC}") = "scoutsOfDniproSite", "scoutsOfDniproSite\scoutsOfDniproSite.csproj", "{728EF716-3B48-4557-97A5-07DA89D28596}"
EndProject
Global
	GlobalSection(SolutionConfigurationPlatforms) = preSolution
		Debug|Any CPU = Debug|Any CPU
		Release|Any CPU = Release|Any CPU
	EndGlobalSection
	GlobalSection(ProjectConfigurationPlatforms) = postSolution
		{728EF716-3B48-4557-97A5-07DA89D28596}.Debug|Any CPU.ActiveCfg = Debug|Any CPU
		{728EF716-3B48-4557-97A5-07DA89D28596}.Debug|Any CPU.Build.0 = Debug|Any CPU
		{728EF716-3B48-4557-97A5-07DA89D28596}.Release|Any CPU.ActiveCfg = Release|Any CPU
		{728EF716-3B48-4557-97A5-07DA89D28596}.Release|Any CPU.Build.0 = Release|Any CPU
	EndGlobalSection
	GlobalSection(SolutionProperties) = preSolution
		HideSolutionNode = FALSE
	EndGlobalSection
	GlobalSection(ExtensibilityGlobals) = postSolution
		SolutionGuid = {79ECCCBA-1A62-4E21-A9CB-D6AB3A4C77DD}
	EndGlobalSection
EndGlobal
